
Microsoft Visual Studio Solution File, Format Version 12.00
# Visual Studio Version 16
VisualStudioVersion = 16.0.31410.357
MinimumVisualStudioVersion = 10.0.40219.1
Project("{FAE04EC0-301F-11D3-BF4B-00C04F79EFBC}") = "DotNetFrameworkMVCFolderProtection", "DotNetFrameworkMVCFolderProtection\DotNetFrameworkMVCFolderProtection.csproj", "{2227BDE0-41E7-4830-A0DD-94C5CF69ADFE}"
EndProject
Global
	GlobalSection(SolutionConfigurationPlatforms) = preSolution
		Debug|Any CPU = Debug|Any CPU
		Release|Any CPU = Release|Any CPU
	EndGlobalSection
	GlobalSection(ProjectConfigurationPlatforms) = postSolution
		{2227BDE0-41E7-4830-A0DD-94C5CF69ADFE}.Debug|Any CPU.ActiveCfg = Debug|Any CPU
		{2227BDE0-41E7-4830-A0DD-94C5CF69ADFE}.Debug|Any CPU.Build.0 = Debug|Any CPU
		{2227BDE0-41E7-4830-A0DD-94C5CF69ADFE}.Release|Any CPU.ActiveCfg = Release|Any CPU
		{2227BDE0-41E7-4830-A0DD-94C5CF69ADFE}.Release|Any CPU.Build.0 = Release|Any CPU
	EndGlobalSection
	GlobalSection(SolutionProperties) = preSolution
		HideSolutionNode = FALSE
	EndGlobalSection
	GlobalSection(ExtensibilityGlobals) = postSolution
		SolutionGuid = {A1475B8A-1A97-4883-A8D1-F92B09CE4461}
	EndGlobalSection
EndGlobal
